
Microsoft Visual Studio Solution File, Format Version 12.00
# Visual Studio Version 16
VisualStudioVersion = 16.0.31911.196
MinimumVisualStudioVersion = 10.0.40219.1
Project("{FAE04EC0-301F-11D3-BF4B-00C04F79EFBC}") = "village", "village.csproj", "{ACF86CC5-2014-431D-A207-08EA3C2BADB2}"
EndProject
Global
	GlobalSection(SolutionConfigurationPlatforms) = preSolution
		Debug|Any CPU = Debug|Any CPU
		Release|Any CPU = Release|Any CPU
	EndGlobalSection
	GlobalSection(ProjectConfigurationPlatforms) = postSolution
		{ACF86CC5-2014-431D-A207-08EA3C2BADB2}.Debug|Any CPU.ActiveCfg = Debug|Any CPU
		{ACF86CC5-2014-431D-A207-08EA3C2BADB2}.Debug|Any CPU.Build.0 = Debug|Any CPU
		{ACF86CC5-2014-431D-A207-08EA3C2BADB2}.Release|Any CPU.ActiveCfg = Release|Any CPU
		{ACF86CC5-2014-431D-A207-08EA3C2BADB2}.Release|Any CPU.Build.0 = Release|Any CPU
	EndGlobalSection
	GlobalSection(SolutionProperties) = preSolution
		HideSolutionNode = FALSE
	EndGlobalSection
	GlobalSection(ExtensibilityGlobals) = postSolution
		SolutionGuid = {C152D7A8-3F0F-4E5B-A296-BE21EC4F3874}
	EndGlobalSection
EndGlobal
